// !$*UTF8*$!
{
	archiveVersion = 1;
	classes = {
	};
	objectVersion = 48;
	objects = {

/* Begin PBXBuildFile section */
		049DF00D1F87496800D38274 /* AppDelegate.swift in Sources */ = {isa = PBXBuildFile; fileRef = 049DF00C1F87496800D38274 /* AppDelegate.swift */; };
		049DF0121F87496800D38274 /* Main.storyboard in Resources */ = {isa = PBXBuildFile; fileRef = 049DF0101F87496800D38274 /* Main.storyboard */; };
		049DF0141F87496800D38274 /* Assets.xcassets in Resources */ = {isa = PBXBuildFile; fileRef = 049DF0131F87496800D38274 /* Assets.xcassets */; };
		049DF0171F87496800D38274 /* LaunchScreen.storyboard in Resources */ = {isa = PBXBuildFile; fileRef = 049DF0151F87496800D38274 /* LaunchScreen.storyboard */; };
		049DF01F1F874F5E00D38274 /* DatePickerViewController.swift in Sources */ = {isa = PBXBuildFile; fileRef = 049DF01E1F874F5E00D38274 /* DatePickerViewController.swift */; };
		049DF0211F87540900D38274 /* DetailViewController.swift in Sources */ = {isa = PBXBuildFile; fileRef = 049DF0201F87540900D38274 /* DetailViewController.swift */; };
/* End PBXBuildFile section */

/* Begin PBXFileReference section */
		049DF0091F87496800D38274 /* 生命靈數進階版.app */ = {isa = PBXFileReference; explicitFileType = wrapper.application; includeInIndex = 0; path = "生命靈數進階版.app"; sourceTree = BUILT_PRODUCTS_DIR; };
		049DF00C1F87496800D38274 /* AppDelegate.swift */ = {isa = PBXFileReference; lastKnownFileType = sourcecode.swift; path = AppDelegate.swift; sourceTree = "<group>"; };
		049DF0111F87496800D38274 /* Base */ = {isa = PBXFileReference; lastKnownFileType = file.storyboard; name = Base; path = Base.lproj/Main.storyboard; sourceTree = "<group>"; };
		049DF0131F87496800D38274 /* Assets.xcassets */ = {isa = PBXFileReference; lastKnownFileType = folder.assetcatalog; path = Assets.xcassets; sourceTree = "<group>"; };
		049DF0161F87496800D38274 /* Base */ = {isa = PBXFileReference; lastKnownFileType = file.storyboard; name = Base; path = Base.lproj/LaunchScreen.storyboard; sourceTree = "<group>"; };
		049DF0181F87496800D38274 /* Info.plist */ = {isa = PBXFileReference; lastKnownFileType = text.plist.xml; path = Info.plist; sourceTree = "<group>"; };
		049DF01E1F874F5E00D38274 /* DatePickerViewController.swift */ = {isa = PBXFileReference; lastKnownFileType = sourcecode.swift; path = DatePickerViewController.swift; sourceTree = "<group>"; };
		049DF0201F87540900D38274 /* DetailViewController.swift */ = {isa = PBXFileReference; lastKnownFileType = sourcecode.swift; path = DetailViewController.swift; sourceTree = "<group>"; };
/* End PBXFileReference section */

/* Begin PBXFrameworksBuildPhase section */
		049DF0061F87496800D38274 /* Frameworks */ = {
			isa = PBXFrameworksBuildPhase;
			buildActionMask = 2147483647;
			files = (
			);
			runOnlyForDeploymentPostprocessing = 0;
		};
/* End PBXFrameworksBuildPhase section */

/* Begin PBXGroup section */
		049DF0001F87496800D38274 = {
			isa = PBXGroup;
			children = (
				049DF00B1F87496800D38274 /* 生命靈數進階版 */,
				049DF00A1F87496800D38274 /* Products */,
			);
			sourceTree = "<group>";
		};
		049DF00A1F87496800D38274 /* Products */ = {
			isa = PBXGroup;
			children = (
				049DF0091F87496800D38274 /* 生命靈數進階版.app */,
			);
			name = Products;
			sourceTree = "<group>";
		};
		049DF00B1F87496800D38274 /* 生命靈數進階版 */ = {
			isa = PBXGroup;
			children = (
				049DF00C1F87496800D38274 /* AppDelegate.swift */,
				049DF0101F87496800D38274 /* Main.storyboard */,
				049DF0201F87540900D38274 /* DetailViewController.swift */,
				049DF01E1F874F5E00D38274 /* DatePickerViewController.swift */,
				049DF0131F87496800D38274 /* Assets.xcassets */,
				049DF0151F87496800D38274 /* LaunchScreen.storyboard */,
				049DF0181F87496800D38274 /* Info.plist */,
			);
			path = "生命靈數進階版";
			sourceTree = "<group>";
		};
/* End PBXGroup section */

/* Begin PBXNativeTarget section */
		049DF0081F87496800D38274 /* 生命靈數進階版 */ = {
			isa = PBXNativeTarget;
			buildConfigurationList = 049DF01B1F87496800D38274 /* Build configuration list for PBXNativeTarget "生命靈數進階版" */;
			buildPhases = (
				049DF0051F87496800D38274 /* Sources */,
				049DF0061F87496800D38274 /* Frameworks */,
				049DF0071F87496800D38274 /* Resources */,
			);
			buildRules = (
			);
			dependencies = (
			);
			name = "生命靈數進階版";
			productName = "生命靈數進階版";
			productReference = 049DF0091F87496800D38274 /* 生命靈數進階版.app */;
			productType = "com.apple.product-type.application";
		};
/* End PBXNativeTarget section */

/* Begin PBXProject section */
		049DF0011F87496800D38274 /* Project object */ = {
			isa = PBXProject;
			attributes = {
				LastSwiftUpdateCheck = 0900;
				LastUpgradeCheck = 0900;
				ORGANIZATIONNAME = justwithin;
				TargetAttributes = {
					049DF0081F87496800D38274 = {
						CreatedOnToolsVersion = 9.0;
						ProvisioningStyle = Automatic;
					};
				};
			};
			buildConfigurationList = 049DF0041F87496800D38274 /* Build configuration list for PBXProject "生命靈數進階版" */;
			compatibilityVersion = "Xcode 8.0";
			developmentRegion = en;
			hasScannedForEncodings = 0;
			knownRegions = (
				en,
				Base,
			);
			mainGroup = 049DF0001F87496800D38274;
			productRefGroup = 049DF00A1F87496800D38274 /* Products */;
			projectDirPath = "";
			projectRoot = "";
			targets = (
				049DF0081F87496800D38274 /* 生命靈數進階版 */,
			);
		};
/* End PBXProject section */

/* Begin PBXResourcesBuildPhase section */
		049DF0071F87496800D38274 /* Resources */ = {
			isa = PBXResourcesBuildPhase;
			buildActionMask = 2147483647;
			files = (
				049DF0171F87496800D38274 /* LaunchScreen.storyboard in Resources */,
				049DF0141F87496800D38274 /* Assets.xcassets in Resources */,
				049DF0121F87496800D38274 /* Main.storyboard in Resources */,
			);
			runOnlyForDeploymentPostprocessing = 0;
		};
/* End PBXResourcesBuildPhase section */

/* Begin PBXSourcesBuildPhase section */
		049DF0051F87496800D38274 /* Sources */ = {
			isa = PBXSourcesBuildPhase;
			buildActionMask = 2147483647;
			files = (
				049DF0211F87540900D38274 /* DetailViewController.swift in Sources */,
				049DF00D1F87496800D38274 /* AppDelegate.swift in Sources */,
				049DF01F1F874F5E00D38274 /* DatePickerViewController.swift in Sources */,
			);
			runOnlyForDeploymentPostprocessing = 0;
		};
/* End PBXSourcesBuildPhase section */

/* Begin PBXVariantGroup section */
		049DF0101F87496800D38274 /* Main.storyboard */ = {
			isa = PBXVariantGroup;
			children = (
				049DF0111F87496800D38274 /* Base */,
			);
			name = Main.storyboard;
			sourceTree = "<group>";
		};
		049DF0151F87496800D38274 /* LaunchScreen.storyboard */ = {
			isa = PBXVariantGroup;
			children = (
				049DF0161F87496800D38274 /* Base */,
			);
			name = LaunchScreen.storyboard;
			sourceTree = "<group>";
		};
/* End PBXVariantGroup section */

/* Begin XCBuildConfiguration section */
		049DF0191F87496800D38274 /* Debug */ = {
			isa = XCBuildConfiguration;
			buildSettings = {
				ALWAYS_SEARCH_USER_PATHS = NO;
				CLANG_ANALYZER_NONNULL = YES;
				CLANG_ANALYZER_NUMBER_OBJECT_CONVERSION = YES_AGGRESSIVE;
				CLANG_CXX_LANGUAGE_STANDARD = "gnu++14";
				CLANG_CXX_LIBRARY = "libc++";
				CLANG_ENABLE_MODULES = YES;
				CLANG_ENABLE_OBJC_ARC = YES;
				CLANG_WARN_BLOCK_CAPTURE_AUTORELEASING = YES;
				CLANG_WARN_BOOL_CONVERSION = YES;
				CLANG_WARN_COMMA = YES;
				CLANG_WARN_CONSTANT_CONVERSION = YES;
				CLANG_WARN_DIRECT_OBJC_ISA_USAGE = YES_ERROR;
				CLANG_WARN_DOCUMENTATION_COMMENTS = YES;
				CLANG_WARN_EMPTY_BODY = YES;
				CLANG_WARN_ENUM_CONVERSION = YES;
				CLANG_WARN_INFINITE_RECURSION = YES;
				CLANG_WARN_INT_CONVERSION = YES;
				CLANG_WARN_NON_LITERAL_NULL_CONVERSION = YES;
				CLANG_WARN_OBJC_LITERAL_CONVERSION = YES;
				CLANG_WARN_OBJC_ROOT_CLASS = YES_ERROR;
				CLANG_WARN_RANGE_LOOP_ANALYSIS = YES;
				CLANG_WARN_STRICT_PROTOTYPES = YES;
				CLANG_WARN_SUSPICIOUS_MOVE = YES;
				CLANG_WARN_UNGUARDED_AVAILABILITY = YES_AGGRESSIVE;
				CLANG_WARN_UNREACHABLE_CODE = YES;
				CLANG_WARN__DUPLICATE_METHOD_MATCH = YES;
				CODE_SIGN_IDENTITY = "iPhone Developer";
				COPY_PHASE_STRIP = NO;
				DEBUG_INFORMATION_FORMAT = dwarf;
				ENABLE_STRICT_OBJC_MSGSEND = YES;
				ENABLE_TESTABILITY = YES;
				GCC_C_LANGUAGE_STANDARD = gnu11;
				GCC_DYNAMIC_NO_PIC = NO;
				GCC_NO_COMMON_BLOCKS = YES;
				GCC_OPTIMIZATION_LEVEL = 0;
				GCC_PREPROCESSOR_DEFINITIONS = (
					"DEBUG=1",
					"$(inherited)",
				);
				GCC_WARN_64_TO_32_BIT_CONVERSION = YES;
				GCC_WARN_ABOUT_RETURN_TYPE = YES_ERROR;
				GCC_WARN_UNDECLARED_SELECTOR = YES;
				GCC_WARN_UNINITIALIZED_AUTOS = YES_AGGRESSIVE;
				GCC_WARN_UNUSED_FUNCTION = YES;
				GCC_WARN_UNUSED_VARIABLE = YES;
				IPHONEOS_DEPLOYMENT_TARGET = 11.0;
				MTL_ENABLE_DEBUG_INFO = YES;
				ONLY_ACTIVE_ARCH = YES;
				SDKROOT = iphoneos;
				SWIFT_ACTIVE_COMPILATION_CONDITIONS = DEBUG;
				SWIFT_OPTIMIZATION_LEVEL = "-Onone";
			};
			name = Debug;
		};
		049DF01A1F87496800D38274 /* Release */ = {
			isa = XCBuildConfiguration;
			buildSettings = {
				ALWAYS_SEARCH_USER_PATHS = NO;
				CLANG_ANALYZER_NONNULL = YES;
				CLANG_ANALYZER_NUMBER_OBJECT_CONVERSION = YES_AGGRESSIVE;
				CLANG_CXX_LANGUAGE_STANDARD = "gnu++14";
				CLANG_CXX_LIBRARY = "libc++";
				CLANG_ENABLE_MODULES = YES;
				CLANG_ENABLE_OBJC_ARC = YES;
				CLANG_WARN_BLOCK_CAPTURE_AUTORELEASING = YES;
				CLANG_WARN_BOOL_CONVERSION = YES;
				CLANG_WARN_COMMA = YES;
				CLANG_WARN_CONSTANT_CONVERSION = YES;
				CLANG_WARN_DIRECT_OBJC_ISA_USAGE = YES_ERROR;
				CLANG_WARN_DOCUMENTATION_COMMENTS = YES;
				CLANG_WARN_EMPTY_BODY = YES;
				CLANG_WARN_ENUM_CONVERSION = YES;
				CLANG_WARN_INFINITE_RECURSION = YES;
				CLANG_WARN_INT_CONVERSION = YES;
				CLANG_WARN_NON_LITERAL_NULL_CONVERSION = YES;
				CLANG_WARN_OBJC_LITERAL_CONVERSION = YES;
				CLANG_WARN_OBJC_ROOT_CLASS = YES_ERROR;
				CLANG_WARN_RANGE_LOOP_ANALYSIS = YES;
				CLANG_WARN_STRICT_PROTOTYPES = YES;
				CLANG_WARN_SUSPICIOUS_MOVE = YES;
				CLANG_WARN_UNGUARDED_AVAILABILITY = YES_AGGRESSIVE;
				CLANG_WARN_UNREACHABLE_CODE = YES;
				CLANG_WARN__DUPLICATE_METHOD_MATCH = YES;
				CODE_SIGN_IDENTITY = "iPhone Developer";
				COPY_PHASE_STRIP = NO;
				DEBUG_INFORMATION_FORMAT = "dwarf-with-dsym";
				ENABLE_NS_ASSERTIONS = NO;
				ENABLE_STRICT_OBJC_MSGSEND = YES;
				GCC_C_LANGUAGE_STANDARD = gnu11;
				GCC_NO_COMMON_BLOCKS = YES;
				GCC_WARN_64_TO_32_BIT_CONVERSION = YES;
				GCC_WARN_ABOUT_RETURN_TYPE = YES_ERROR;
				GCC_WARN_UNDECLARED_SELECTOR = YES;
				GCC_WARN_UNINITIALIZED_AUTOS = YES_AGGRESSIVE;
				GCC_WARN_UNUSED_FUNCTION = YES;
				GCC_WARN_UNUSED_VARIABLE = YES;
				IPHONEOS_DEPLOYMENT_TARGET = 11.0;
				MTL_ENABLE_DEBUG_INFO = NO;
				SDKROOT = iphoneos;
				SWIFT_OPTIMIZATION_LEVEL = "-Owholemodule";
				VALIDATE_PRODUCT = YES;
			};
			name = Release;
		};
		049DF01C1F87496800D38274 /* Debug */ = {
			isa = XCBuildConfiguration;
			buildSettings = {
				ASSETCATALOG_COMPILER_APPICON_NAME = AppIcon;
				CODE_SIGN_STYLE = Automatic;
				DEVELOPMENT_TEAM = 4D5NWSFDJ2;
				INFOPLIST_FILE = "生命靈數進階版/Info.plist";
				IPHONEOS_DEPLOYMENT_TARGET = 10.0;
				LD_RUNPATH_SEARCH_PATHS = "$(inherited) @executable_path/Frameworks";
				PRODUCT_BUNDLE_IDENTIFIER = "Justwithin.-------";
				PRODUCT_NAME = "$(TARGET_NAME)";
				SWIFT_VERSION = 4.0;
				TARGETED_DEVICE_FAMILY = "1,2";
			};
			name = Debug;
		};
		049DF01D1F87496800D38274 /* Release */ = {
			isa = XCBuildConfiguration;
			buildSettings = {
				ASSETCATALOG_COMPILER_APPICON_NAME = AppIcon;
				CODE_SIGN_STYLE = Automatic;
				DEVELOPMENT_TEAM = 4D5NWSFDJ2;
				INFOPLIST_FILE = "生命靈數進階版/Info.plist";
				IPHONEOS_DEPLOYMENT_TARGET = 10.0;
				LD_RUNPATH_SEARCH_PATHS = "$(inherited) @executable_path/Frameworks";
				PRODUCT_BUNDLE_IDENTIFIER = "Justwithin.-------";
				PRODUCT_NAME = "$(TARGET_NAME)";
				SWIFT_VERSION = 4.0;
				TARGETED_DEVICE_FAMILY = "1,2";
			};
			name = Release;
		};
/* End XCBuildConfiguration section */

/* Begin XCConfigurationList section */
		049DF0041F87496800D38274 /* Build configuration list for PBXProject "生命靈數進階版" */ = {
			isa = XCConfigurationList;
			buildConfigurations = (
				049DF0191F87496800D38274 /* Debug */,
				049DF01A1F87496800D38274 /* Release */,
			);
			defaultConfigurationIsVisible = 0;
			defaultConfigurationName = Release;
		};
		049DF01B1F87496800D38274 /* Build configuration list for PBXNativeTarget "生命靈數進階版" */ = {
			isa = XCConfigurationList;
			buildConfigurations = (
				049DF01C1F87496800D38274 /* Debug */,
				049DF01D1F87496800D38274 /* Release */,
			);
			defaultConfigurationIsVisible = 0;
			defaultConfigurationName = Release;
		};
/* End XCConfigurationList section */
	};
	rootObject = 049DF0011F87496800D38274 /* Project object */;
}
